
Microsoft Visual Studio Solution File, Format Version 12.00
# Visual Studio 15
VisualStudioVersion = 15.0.28307.852
MinimumVisualStudioVersion = 10.0.40219.1
Project("{FAE04EC0-301F-11D3-BF4B-00C04F79EFBC}") = "OopUi", "OopUi\OopUi.csproj", "{7EBFB312-900E-47BA-AF48-D324E0C2822A}"
EndProject
Global
	GlobalSection(SolutionConfigurationPlatforms) = preSolution
		Debug|Any CPU = Debug|Any CPU
		Release|Any CPU = Release|Any CPU
	EndGlobalSection
	GlobalSection(ProjectConfigurationPlatforms) = postSolution
		{7EBFB312-900E-47BA-AF48-D324E0C2822A}.Debug|Any CPU.ActiveCfg = Debug|Any CPU
		{7EBFB312-900E-47BA-AF48-D324E0C2822A}.Debug|Any CPU.Build.0 = Debug|Any CPU
		{7EBFB312-900E-47BA-AF48-D324E0C2822A}.Release|Any CPU.ActiveCfg = Release|Any CPU
		{7EBFB312-900E-47BA-AF48-D324E0C2822A}.Release|Any CPU.Build.0 = Release|Any CPU
	EndGlobalSection
	GlobalSection(SolutionProperties) = preSolution
		HideSolutionNode = FALSE
	EndGlobalSection
	GlobalSection(ExtensibilityGlobals) = postSolution
		SolutionGuid = {489DD150-263D-4284-A798-1A10A5F3CB9A}
	EndGlobalSection
EndGlobal
